
Microsoft Visual Studio Solution File, Format Version 12.00
# Visual Studio Version 17
VisualStudioVersion = 17.0.31903.59
MinimumVisualStudioVersion = 10.0.40219.1
Project("{E24C65DC-7377-472B-9ABA-BC803B73C61A}") = "HL7TransformationService(1)", "HL7TransformationService\", "{F8563541-784F-44F1-9253-6905140F0D93}"
	ProjectSection(WebsiteProperties) = preProject
		TargetFrameworkMoniker = ".NETFramework,Version%3Dv4.8.1"
		Debug.AspNetCompiler.VirtualPath = "/localhost_65217"
		Debug.AspNetCompiler.PhysicalPath = "HL7TransformationService\"
		Debug.AspNetCompiler.TargetPath = "PrecompiledWeb\localhost_65217\"
		Debug.AspNetCompiler.Updateable = "true"
		Debug.AspNetCompiler.ForceOverwrite = "true"
		Debug.AspNetCompiler.FixedNames = "false"
		Debug.AspNetCompiler.Debug = "True"
		Release.AspNetCompiler.VirtualPath = "/localhost_65217"
		Release.AspNetCompiler.PhysicalPath = "HL7TransformationService\"
		Release.AspNetCompiler.TargetPath = "PrecompiledWeb\localhost_65217\"
		Release.AspNetCompiler.Updateable = "true"
		Release.AspNetCompiler.ForceOverwrite = "true"
		Release.AspNetCompiler.FixedNames = "false"
		Release.AspNetCompiler.Debug = "False"
		VWDPort = "65217"
		SlnRelativePath = "HL7TransformationService\"
		DefaultWebSiteLanguage = "Visual C#"
	EndProjectSection
EndProject
Global
	GlobalSection(SolutionConfigurationPlatforms) = preSolution
		Debug|Any CPU = Debug|Any CPU
	EndGlobalSection
	GlobalSection(ProjectConfigurationPlatforms) = postSolution
		{F8563541-784F-44F1-9253-6905140F0D93}.Debug|Any CPU.ActiveCfg = Debug|Any CPU
		{F8563541-784F-44F1-9253-6905140F0D93}.Debug|Any CPU.Build.0 = Debug|Any CPU
	EndGlobalSection
	GlobalSection(SolutionProperties) = preSolution
		HideSolutionNode = FALSE
	EndGlobalSection
	GlobalSection(ExtensibilityGlobals) = postSolution
		SolutionGuid = {74D0BDD5-35C4-4E34-8F99-E3232E8C5526}
	EndGlobalSection
EndGlobal
